{
  "object": {
    "pins": [
      {
        "package": "Reusable",
        "repositoryURL": "https://github.com/AliSoftware/Reusable",
        "state": {
          "branch": "main",
          "revision": "85e8ef7b2441433ffed2fc8cf4942961b70a83f6",
          "version": null
        }
      }
    ]
  },
  "version": 1
}
